
Microsoft Visual Studio Solution File, Format Version 12.00
# Visual Studio Version 17
VisualStudioVersion = 17.8.34330.188
MinimumVisualStudioVersion = 10.0.40219.1
Project("{FAE04EC0-301F-11D3-BF4B-00C04F79EFBC}") = "Laba10ovin", "Laba10ovin.csproj", "{909C4A71-07B9-46E8-AB0A-3E76C8441F23}"
EndProject
Global
	GlobalSection(SolutionConfigurationPlatforms) = preSolution
		Debug|Any CPU = Debug|Any CPU
		Release|Any CPU = Release|Any CPU
	EndGlobalSection
	GlobalSection(ProjectConfigurationPlatforms) = postSolution
		{909C4A71-07B9-46E8-AB0A-3E76C8441F23}.Debug|Any CPU.ActiveCfg = Debug|Any CPU
		{909C4A71-07B9-46E8-AB0A-3E76C8441F23}.Debug|Any CPU.Build.0 = Debug|Any CPU
		{909C4A71-07B9-46E8-AB0A-3E76C8441F23}.Release|Any CPU.ActiveCfg = Release|Any CPU
		{909C4A71-07B9-46E8-AB0A-3E76C8441F23}.Release|Any CPU.Build.0 = Release|Any CPU
	EndGlobalSection
	GlobalSection(SolutionProperties) = preSolution
		HideSolutionNode = FALSE
	EndGlobalSection
	GlobalSection(ExtensibilityGlobals) = postSolution
		SolutionGuid = {6E58BC1B-4C7E-47FB-ADAF-1DD46C25FCC4}
	EndGlobalSection
EndGlobal
